<?xml version="1.0" encoding="utf-8"?>
<Project ToolsVersion="4.0" xmlns="http://schemas.microsoft.com/developer/msbuild/2003">
  <ItemGroup>
    <Filter Include="Source Files">
      <UniqueIdentifier>{4FC737F1-C7A5-4376-A066-2A32D752A2FF}</UniqueIdentifier>
      <Extensions>cpp;c;cc;cxx;def;odl;idl;hpj;bat;asm;asmx</Extensions>
    </Filter>
    <Filter Include="Header Files">
      <UniqueIdentifier>{93995380-89BD-4b04-88EB-625FBE52EBFB}</UniqueIdentifier>
      <Extensions>h;hh;hpp;hxx;hm;inl;inc;xsd</Extensions>
    </Filter>
    <Filter Include="Resource Files">
      <UniqueIdentifier>{67DA6AB6-F800-4c08-8B7A-83BB121AAD01}</UniqueIdentifier>
      <Extensions>rc;ico;cur;bmp;dlg;rc2;rct;bin;rgs;gif;jpg;jpeg;jpe;resx;tiff;tif;png;wav;mfcribbon-ms</Extensions>
    </Filter>
  </ItemGroup>
  <ItemGroup>
    <Text Include="ReadMe.txt" />
  </ItemGroup>
  <ItemGroup>
    <ClInclude Include="stdafx.h">
      <Filter>Header Files</Filter>
    </ClInclude>
    <ClInclude Include="targetver.h">
      <Filter>Header Files</Filter>
    </ClInclude>
    <ClInclude Include="meMath.h">
      <Filter>Header Files</Filter>
    </ClInclude>
    <ClInclude Include="meRender.h">
      <Filter>Header Files</Filter>
    </ClInclude>
    <ClInclude Include="mePhysics.h">
      <Filter>Header Files</Filter>
    </ClInclude>
    <ClInclude Include="shaderset.h">
      <Filter>Header Files</Filter>
    </ClInclude>
    <ClInclude Include="meDebug.h">
      <Filter>Header Files</Filter>
    </ClInclude>
    <ClInclude Include="stb_rect_pack.h">
      <Filter>Header Files</Filter>
    </ClInclude>
    <ClInclude Include="stb_textedit.h">
      <Filter>Header Files</Filter>
    </ClInclude>
    <ClInclude Include="stb_truetype.h">
      <Filter>Header Files</Filter>
    </ClInclude>
    <ClInclude Include="meCamera.h">
      <Filter>Header Files</Filter>
    </ClInclude>
    <ClInclude Include="meEntity.h">
      <Filter>Header Files</Filter>
    </ClInclude>
    <ClInclude Include="wokInput.h">
      <Filter>Header Files</Filter>
    </ClInclude>
    <ClInclude Include="meWorld.h">
      <Filter>Header Files</Filter>
    </ClInclude>
    <ClInclude Include="meMesh.h">
      <Filter>Header Files</Filter>
    </ClInclude>
    <ClInclude Include="meTime.h">
      <Filter>Header Files</Filter>
    </ClInclude>
    <ClInclude Include="stb_image.h">
      <Filter>Header Files</Filter>
    </ClInclude>
    <ClInclude Include="meMaterial.h">
      <Filter>Header Files</Filter>
    </ClInclude>
    <ClInclude Include="meTransform.h">
      <Filter>Header Files</Filter>
    </ClInclude>
    <ClInclude Include="meActor.h">
      <Filter>Header Files</Filter>
    </ClInclude>
    <ClInclude Include="meAssetManager.h">
      <Filter>Header Files</Filter>
    </ClInclude>
    <ClInclude Include="meShaderLoader.h">
      <Filter>Header Files</Filter>
    </ClInclude>
    <ClInclude Include="meVirtualButton.h">
      <Filter>Header Files</Filter>
    </ClInclude>
    <ClInclude Include="meVirtualAxis.h">
      <Filter>Header Files</Filter>
    </ClInclude>
    <ClInclude Include="meControllerData.h">
      <Filter>Header Files</Filter>
    </ClInclude>
    <ClInclude Include="meCharacter.h">
      <Filter>Header Files</Filter>
    </ClInclude>
    <ClInclude Include="meUIEntity.h">
      <Filter>Header Files</Filter>
    </ClInclude>
    <ClInclude Include="meText.h">
      <Filter>Header Files</Filter>
    </ClInclude>
    <ClInclude Include="meEngine.h">
      <Filter>Header Files</Filter>
    </ClInclude>
    <ClInclude Include="meSceneManager.h">
      <Filter>Header Files</Filter>
    </ClInclude>
    <ClInclude Include="meMenu.h">
      <Filter>Header Files</Filter>
    </ClInclude>
    <ClInclude Include="meEnemy.h">
      <Filter>Header Files</Filter>
    </ClInclude>
    <ClInclude Include="meNavSystem.h">
      <Filter>Header Files</Filter>
    </ClInclude>
    <ClInclude Include="meProjectile.h">
      <Filter>Header Files</Filter>
    </ClInclude>
    <ClInclude Include="meEnemyAggro.h">
      <Filter>Header Files</Filter>
    </ClInclude>
    <ClInclude Include="meRandom.h">
      <Filter>Header Files</Filter>
    </ClInclude>
    <ClInclude Include="meBarrier.h">
      <Filter>Header Files</Filter>
    </ClInclude>
    <ClInclude Include="meInput.h">
      <Filter>Header Files</Filter>
    </ClInclude>
    <ClInclude Include="meEngineInterface.h">
      <Filter>Header Files</Filter>
    </ClInclude>
    <ClInclude Include="meCharacterSelector.h">
      <Filter>Header Files</Filter>
    </ClInclude>
    <ClInclude Include="meGrid.h">
      <Filter>Header Files</Filter>
    </ClInclude>
    <ClInclude Include="mePhysObject.h">
      <Filter>Header Files</Filter>
    </ClInclude>
    <ClInclude Include="wokEditor.h">
      <Filter>Header Files</Filter>
    </ClInclude>
    <ClInclude Include="meParser.h">
      <Filter>Header Files</Filter>
    </ClInclude>
    <ClInclude Include="wokEnemySpawner.h">
      <Filter>Header Files</Filter>
    </ClInclude>
    <ClInclude Include="wokSpawnWarning.h">
      <Filter>Header Files</Filter>
    </ClInclude>
    <ClInclude Include="wokLevelEnd.h">
      <Filter>Header Files</Filter>
    </ClInclude>
    <ClInclude Include="wokNavNode.h">
      <Filter>Header Files</Filter>
    </ClInclude>
    <ClInclude Include="meMessage.h">
      <Filter>Header Files</Filter>
    </ClInclude>
    <ClInclude Include="wokPressurePlate.h">
      <Filter>Header Files</Filter>
    </ClInclude>
    <ClInclude Include="wokDoor.h">
      <Filter>Header Files</Filter>
    </ClInclude>
    <ClInclude Include="meRenderData.h">
      <Filter>Header Files</Filter>
    </ClInclude>
    <ClInclude Include="meMenuManager.h">
      <Filter>Header Files</Filter>
    </ClInclude>
    <ClInclude Include="meMonitorMode.h">
      <Filter>Header Files</Filter>
    </ClInclude>
    <ClInclude Include="meEase.h">
      <Filter>Header Files</Filter>
    </ClInclude>
    <ClInclude Include="meSoundHolder.h">
      <Filter>Header Files</Filter>
    </ClInclude>
    <ClInclude Include="meMemoryManager.h">
      <Filter>Header Files</Filter>
    </ClInclude>
  </ItemGroup>
  <ItemGroup>
    <ClCompile Include="stdafx.cpp">
      <Filter>Source Files</Filter>
    </ClCompile>
    <ClCompile Include="MercutioEngine.cpp">
      <Filter>Source Files</Filter>
    </ClCompile>
    <ClCompile Include="shaderset.cpp">
      <Filter>Source Files</Filter>
    </ClCompile>
    <ClCompile Include="stb_image.cpp">
      <Filter>Source Files</Filter>
    </ClCompile>
    <ClCompile Include="meAssetManager.cpp">
      <Filter>Source Files</Filter>
    </ClCompile>
    <ClCompile Include="meEngine.cpp">
      <Filter>Source Files</Filter>
    </ClCompile>
    <ClCompile Include="meRender.cpp">
      <Filter>Source Files</Filter>
    </ClCompile>
    <ClCompile Include="meText.cpp">
      <Filter>Source Files</Filter>
    </ClCompile>
    <ClCompile Include="meSceneManager.cpp">
      <Filter>Source Files</Filter>
    </ClCompile>
    <ClCompile Include="meEntity.cpp">
      <Filter>Source Files</Filter>
    </ClCompile>
    <ClCompile Include="meMenu.cpp">
      <Filter>Source Files</Filter>
    </ClCompile>
    <ClCompile Include="meEnemy.cpp">
      <Filter>Source Files</Filter>
    </ClCompile>
    <ClCompile Include="meNavSystem.cpp">
      <Filter>Source Files</Filter>
    </ClCompile>
    <ClCompile Include="meProjectile.cpp">
      <Filter>Source Files</Filter>
    </ClCompile>
    <ClCompile Include="meEnemyAggro.cpp">
      <Filter>Source Files</Filter>
    </ClCompile>
    <ClCompile Include="meRandom.cpp">
      <Filter>Source Files</Filter>
    </ClCompile>
    <ClCompile Include="meBarrier.cpp">
      <Filter>Source Files</Filter>
    </ClCompile>
    <ClCompile Include="meActor.cpp">
      <Filter>Source Files</Filter>
    </ClCompile>
    <ClCompile Include="meInput.cpp">
      <Filter>Header Files</Filter>
    </ClCompile>
    <ClCompile Include="meCharacterSelector.cpp">
      <Filter>Source Files</Filter>
    </ClCompile>
    <ClCompile Include="wokEditor.cpp">
      <Filter>Source Files</Filter>
    </ClCompile>
    <ClCompile Include="wokEnemySpawner.cpp">
      <Filter>Source Files</Filter>
    </ClCompile>
    <ClCompile Include="wokSpawnWarning.cpp">
      <Filter>Source Files</Filter>
    </ClCompile>
    <ClCompile Include="wokLevelEnd.cpp">
      <Filter>Source Files</Filter>
    </ClCompile>
    <ClCompile Include="wokNavNode.cpp">
      <Filter>Source Files</Filter>
    </ClCompile>
    <ClCompile Include="wokPressurePlate.cpp">
      <Filter>Source Files</Filter>
    </ClCompile>
    <ClCompile Include="wokDoor.cpp">
      <Filter>Source Files</Filter>
    </ClCompile>
    <ClCompile Include="meParser.cpp">
      <Filter>Source Files</Filter>
    </ClCompile>
    <ClCompile Include="meMenuManager.cpp">
      <Filter>Source Files</Filter>
    </ClCompile>
    <ClCompile Include="meEase.cpp">
      <Filter>Source Files</Filter>
    </ClCompile>
    <ClCompile Include="meSoundHolder.cpp">
      <Filter>Source Files</Filter>
    </ClCompile>
    <ClCompile Include="meMemoryManager.cpp">
      <Filter>Source Files</Filter>
    </ClCompile>
  </ItemGroup>
  <ItemGroup>
    <None Include="shaders\preamble.glsl">
      <Filter>Resource Files</Filter>
    </None>
  </ItemGroup>
</Project>